
Microsoft Visual Studio Solution File, Format Version 12.00
Project("{FAE04EC0-301F-11D3-BF4B-00C04F79EFBC}") = "Lab_2", "Lab_2\Lab_2.csproj", "{C9862224-A564-4FE4-ADB7-1B18D9B8B0D1}"
EndProject
Project("{FAE04EC0-301F-11D3-BF4B-00C04F79EFBC}") = "Lab_1", "Lab_1\Lab_1.csproj", "{421E328F-940E-45ED-80ED-840D570F42A6}"
EndProject
Project("{FAE04EC0-301F-11D3-BF4B-00C04F79EFBC}") = "Lab_3", "Lab_3\Lab_3.csproj", "{F4C74ADF-B593-4C3B-BCB7-9CC1377F39AF}"
EndProject
Project("{FAE04EC0-301F-11D3-BF4B-00C04F79EFBC}") = "Lab_4", "Lab_4\Lab_4.csproj", "{3F10A2E7-BF71-4F0A-851A-22F84A7BF8AA}"
EndProject
Project("{FAE04EC0-301F-11D3-BF4B-00C04F79EFBC}") = "Lab_5", "Lab_5\Lab_5.csproj", "{39D060B5-3C94-420C-900E-512AC202B529}"
EndProject
Project("{FAE04EC0-301F-11D3-BF4B-00C04F79EFBC}") = "Lab_6", "Lab_6\Lab_6.csproj", "{958986EB-7122-4A94-AD44-64E4E4F845FB}"
EndProject
Project("{FAE04EC0-301F-11D3-BF4B-00C04F79EFBC}") = "Lab_7", "Lab_7\Lab_7.csproj", "{BB0BDD26-DF67-4B06-B345-7875136B0CC6}"
EndProject
Global
	GlobalSection(SolutionConfigurationPlatforms) = preSolution
		Debug|Any CPU = Debug|Any CPU
		Release|Any CPU = Release|Any CPU
	EndGlobalSection
	GlobalSection(ProjectConfigurationPlatforms) = postSolution
		{C9862224-A564-4FE4-ADB7-1B18D9B8B0D1}.Debug|Any CPU.ActiveCfg = Debug|Any CPU
		{C9862224-A564-4FE4-ADB7-1B18D9B8B0D1}.Debug|Any CPU.Build.0 = Debug|Any CPU
		{C9862224-A564-4FE4-ADB7-1B18D9B8B0D1}.Release|Any CPU.ActiveCfg = Release|Any CPU
		{C9862224-A564-4FE4-ADB7-1B18D9B8B0D1}.Release|Any CPU.Build.0 = Release|Any CPU
		{421E328F-940E-45ED-80ED-840D570F42A6}.Debug|Any CPU.ActiveCfg = Debug|Any CPU
		{421E328F-940E-45ED-80ED-840D570F42A6}.Debug|Any CPU.Build.0 = Debug|Any CPU
		{421E328F-940E-45ED-80ED-840D570F42A6}.Release|Any CPU.ActiveCfg = Release|Any CPU
		{421E328F-940E-45ED-80ED-840D570F42A6}.Release|Any CPU.Build.0 = Release|Any CPU
		{F4C74ADF-B593-4C3B-BCB7-9CC1377F39AF}.Debug|Any CPU.ActiveCfg = Debug|Any CPU
		{F4C74ADF-B593-4C3B-BCB7-9CC1377F39AF}.Debug|Any CPU.Build.0 = Debug|Any CPU
		{F4C74ADF-B593-4C3B-BCB7-9CC1377F39AF}.Release|Any CPU.ActiveCfg = Release|Any CPU
		{F4C74ADF-B593-4C3B-BCB7-9CC1377F39AF}.Release|Any CPU.Build.0 = Release|Any CPU
		{3F10A2E7-BF71-4F0A-851A-22F84A7BF8AA}.Debug|Any CPU.ActiveCfg = Debug|Any CPU
		{3F10A2E7-BF71-4F0A-851A-22F84A7BF8AA}.Debug|Any CPU.Build.0 = Debug|Any CPU
		{3F10A2E7-BF71-4F0A-851A-22F84A7BF8AA}.Release|Any CPU.ActiveCfg = Release|Any CPU
		{3F10A2E7-BF71-4F0A-851A-22F84A7BF8AA}.Release|Any CPU.Build.0 = Release|Any CPU
		{39D060B5-3C94-420C-900E-512AC202B529}.Debug|Any CPU.ActiveCfg = Debug|Any CPU
		{39D060B5-3C94-420C-900E-512AC202B529}.Debug|Any CPU.Build.0 = Debug|Any CPU
		{39D060B5-3C94-420C-900E-512AC202B529}.Release|Any CPU.ActiveCfg = Release|Any CPU
		{39D060B5-3C94-420C-900E-512AC202B529}.Release|Any CPU.Build.0 = Release|Any CPU
		{958986EB-7122-4A94-AD44-64E4E4F845FB}.Debug|Any CPU.ActiveCfg = Debug|Any CPU
		{958986EB-7122-4A94-AD44-64E4E4F845FB}.Debug|Any CPU.Build.0 = Debug|Any CPU
		{958986EB-7122-4A94-AD44-64E4E4F845FB}.Release|Any CPU.ActiveCfg = Release|Any CPU
		{958986EB-7122-4A94-AD44-64E4E4F845FB}.Release|Any CPU.Build.0 = Release|Any CPU
		{BB0BDD26-DF67-4B06-B345-7875136B0CC6}.Debug|Any CPU.ActiveCfg = Debug|Any CPU
		{BB0BDD26-DF67-4B06-B345-7875136B0CC6}.Debug|Any CPU.Build.0 = Debug|Any CPU
		{BB0BDD26-DF67-4B06-B345-7875136B0CC6}.Release|Any CPU.ActiveCfg = Release|Any CPU
		{BB0BDD26-DF67-4B06-B345-7875136B0CC6}.Release|Any CPU.Build.0 = Release|Any CPU
	EndGlobalSection
EndGlobal
